PODS:
  - FlutterMacOS (1.0.0)
  - larimar (0.1.0-dev.2):
    - FlutterMacOS

DEPENDENCIES:
  - FlutterMacOS (from `Flutter/ephemeral`)
  - larimar (from `Flutter/ephemeral/.symlinks/plugins/larimar/macos`)

EXTERNAL SOURCES:
  FlutterMacOS:
    :path: Flutter/ephemeral
  larimar:
    :path: Flutter/ephemeral/.symlinks/plugins/larimar/macos

SPEC CHECKSUMS:
  FlutterMacOS: c232990155153907050900a2e175c7773903ba4e
  larimar: a049b5f43d4b197e4205ea2bc4fb6280d1ffbd8e

PODFILE CHECKSUM: 1e95c36afbfd1cb6423ceca4de7a8e1b256fb6ac

COCOAPODS: 1.17.0
